// !$*UTF8*$!
{
	archiveVersion = 1;
	classes = {
	};
	objectVersion = 56;
	objects = {

/* Begin PBXBuildFile section */
		C54CAED72AFBDB870077C1CF /* AppDelegate.swift in Sources */ = {isa = PBXBuildFile; fileRef = C54CAED62AFBDB870077C1CF /* AppDelegate.swift */; };
		C54CAED92AFBDB870077C1CF /* SceneDelegate.swift in Sources */ = {isa = PBXBuildFile; fileRef = C54CAED82AFBDB870077C1CF /* SceneDelegate.swift */; };
		C54CAEDB2AFBDB870077C1CF /* MainViewController.swift in Sources */ = {isa = PBXBuildFile; fileRef = C54CAEDA2AFBDB870077C1CF /* MainViewController.swift */; };
		C54CAEDE2AFBDB870077C1CF /* Main.storyboard in Resources */ = {isa = PBXBuildFile; fileRef = C54CAEDC2AFBDB870077C1CF /* Main.storyboard */; };
		C54CAEE02AFBDB880077C1CF /* Assets.xcassets in Resources */ = {isa = PBXBuildFile; fileRef = C54CAEDF2AFBDB880077C1CF /* Assets.xcassets */; };
		C54CAEE32AFBDB880077C1CF /* LaunchScreen.storyboard in Resources */ = {isa = PBXBuildFile; fileRef = C54CAEE12AFBDB880077C1CF /* LaunchScreen.storyboard */; };
		C54CAEEC2AFBDBE80077C1CF /* SpringAnimation in Frameworks */ = {isa = PBXBuildFile; productRef = C54CAEEB2AFBDBE80077C1CF /* SpringAnimation */; };
		C54CAEEE2AFBE8450077C1CF /* DataSource.swift in Sources */ = {isa = PBXBuildFile; fileRef = C54CAEED2AFBE8450077C1CF /* DataSource.swift */; };
		C54CAEF02AFBEFF90077C1CF /* Animation.swift in Sources */ = {isa = PBXBuildFile; fileRef = C54CAEEF2AFBEFF90077C1CF /* Animation.swift */; };
/* End PBXBuildFile section */

/* Begin PBXFileReference section */
		C54CAED32AFBDB870077C1CF /* SPMhomeWork.app */ = {isa = PBXFileReference; explicitFileType = wrapper.application; includeInIndex = 0; path = SPMhomeWork.app; sourceTree = BUILT_PRODUCTS_DIR; };
		C54CAED62AFBDB870077C1CF /* AppDelegate.swift */ = {isa = PBXFileReference; lastKnownFileType = sourcecode.swift; path = AppDelegate.swift; sourceTree = "<group>"; };
		C54CAED82AFBDB870077C1CF /* SceneDelegate.swift */ = {isa = PBXFileReference; lastKnownFileType = sourcecode.swift; path = SceneDelegate.swift; sourceTree = "<group>"; };
		C54CAEDA2AFBDB870077C1CF /* MainViewController.swift */ = {isa = PBXFileReference; lastKnownFileType = sourcecode.swift; path = MainViewController.swift; sourceTree = "<group>"; };
		C54CAEDD2AFBDB870077C1CF /* Base */ = {isa = PBXFileReference; lastKnownFileType = file.storyboard; name = Base; path = Base.lproj/Main.storyboard; sourceTree = "<group>"; };
		C54CAEDF2AFBDB880077C1CF /* Assets.xcassets */ = {isa = PBXFileReference; lastKnownFileType = folder.assetcatalog; path = Assets.xcassets; sourceTree = "<group>"; };
		C54CAEE22AFBDB880077C1CF /* Base */ = {isa = PBXFileReference; lastKnownFileType = file.storyboard; name = Base; path = Base.lproj/LaunchScreen.storyboard; sourceTree = "<group>"; };
		C54CAEE42AFBDB880077C1CF /* Info.plist */ = {isa = PBXFileReference; lastKnownFileType = text.plist.xml; path = Info.plist; sourceTree = "<group>"; };
		C54CAEED2AFBE8450077C1CF /* DataSource.swift */ = {isa = PBXFileReference; lastKnownFileType = sourcecode.swift; path = DataSource.swift; sourceTree = "<group>"; };
		C54CAEEF2AFBEFF90077C1CF /* Animation.swift */ = {isa = PBXFileReference; lastKnownFileType = sourcecode.swift; path = Animation.swift; sourceTree = "<group>"; };
/* End PBXFileReference section */

/* Begin PBXFrameworksBuildPhase section */
		C54CAED02AFBDB870077C1CF /* Frameworks */ = {
			isa = PBXFrameworksBuildPhase;
			buildActionMask = 2147483647;
			files = (
				C54CAEEC2AFBDBE80077C1CF /* SpringAnimation in Frameworks */,
			);
			runOnlyForDeploymentPostprocessing = 0;
		};
/* End PBXFrameworksBuildPhase section */

/* Begin PBXGroup section */
		C54CAECA2AFBDB870077C1CF = {
			isa = PBXGroup;
			children = (
				C54CAED52AFBDB870077C1CF /* SPMhomeWork */,
				C54CAED42AFBDB870077C1CF /* Products */,
			);
			sourceTree = "<group>";
		};
		C54CAED42AFBDB870077C1CF /* Products */ = {
			isa = PBXGroup;
			children = (
				C54CAED32AFBDB870077C1CF /* SPMhomeWork.app */,
			);
			name = Products;
			sourceTree = "<group>";
		};
		C54CAED52AFBDB870077C1CF /* SPMhomeWork */ = {
			isa = PBXGroup;
			children = (
				C54CAEF52AFC13940077C1CF /* SupportingFiles */,
				C54CAEF42AFC13730077C1CF /* DataStore */,
				C54CAEF32AFC13660077C1CF /* Models */,
				C54CAEF22AFC13510077C1CF /* ViewControllers */,
				C54CAEF12AFC13430077C1CF /* Storyboards */,
				C54CAEF62AFC13A20077C1CF /* Resources */,
			);
			path = SPMhomeWork;
			sourceTree = "<group>";
		};
		C54CAEF12AFC13430077C1CF /* Storyboards */ = {
			isa = PBXGroup;
			children = (
				C54CAEDC2AFBDB870077C1CF /* Main.storyboard */,
				C54CAEE12AFBDB880077C1CF /* LaunchScreen.storyboard */,
			);
			path = Storyboards;
			sourceTree = "<group>";
		};
		C54CAEF22AFC13510077C1CF /* ViewControllers */ = {
			isa = PBXGroup;
			children = (
				C54CAEDA2AFBDB870077C1CF /* MainViewController.swift */,
			);
			path = ViewControllers;
			sourceTree = "<group>";
		};
		C54CAEF32AFC13660077C1CF /* Models */ = {
			isa = PBXGroup;
			children = (
				C54CAEEF2AFBEFF90077C1CF /* Animation.swift */,
			);
			path = Models;
			sourceTree = "<group>";
		};
		C54CAEF42AFC13730077C1CF /* DataStore */ = {
			isa = PBXGroup;
			children = (
				C54CAEED2AFBE8450077C1CF /* DataSource.swift */,
			);
			path = DataStore;
			sourceTree = "<group>";
		};
		C54CAEF52AFC13940077C1CF /* SupportingFiles */ = {
			isa = PBXGroup;
			children = (
				C54CAED62AFBDB870077C1CF /* AppDelegate.swift */,
				C54CAED82AFBDB870077C1CF /* SceneDelegate.swift */,
				C54CAEE42AFBDB880077C1CF /* Info.plist */,
			);
			path = SupportingFiles;
			sourceTree = "<group>";
		};
		C54CAEF62AFC13A20077C1CF /* Resources */ = {
			isa = PBXGroup;
			children = (
				C54CAEDF2AFBDB880077C1CF /* Assets.xcassets */,
			);
			path = Resources;
			sourceTree = "<group>";
		};
/* End PBXGroup section */

/* Begin PBXNativeTarget section */
		C54CAED22AFBDB870077C1CF /* SPMhomeWork */ = {
			isa = PBXNativeTarget;
			buildConfigurationList = C54CAEE72AFBDB880077C1CF /* Build configuration list for PBXNativeTarget "SPMhomeWork" */;
			buildPhases = (
				C54CAECF2AFBDB870077C1CF /* Sources */,
				C54CAED02AFBDB870077C1CF /* Frameworks */,
				C54CAED12AFBDB870077C1CF /* Resources */,
			);
			buildRules = (
			);
			dependencies = (
			);
			name = SPMhomeWork;
			packageProductDependencies = (
				C54CAEEB2AFBDBE80077C1CF /* SpringAnimation */,
			);
			productName = SPMhomeWork;
			productReference = C54CAED32AFBDB870077C1CF /* SPMhomeWork.app */;
			productType = "com.apple.product-type.application";
		};
/* End PBXNativeTarget section */

/* Begin PBXProject section */
		C54CAECB2AFBDB870077C1CF /* Project object */ = {
			isa = PBXProject;
			attributes = {
				BuildIndependentTargetsInParallel = 1;
				LastSwiftUpdateCheck = 1500;
				LastUpgradeCheck = 1500;
				TargetAttributes = {
					C54CAED22AFBDB870077C1CF = {
						CreatedOnToolsVersion = 15.0.1;
					};
				};
			};
			buildConfigurationList = C54CAECE2AFBDB870077C1CF /* Build configuration list for PBXProject "SPMhomeWork" */;
			compatibilityVersion = "Xcode 14.0";
			developmentRegion = en;
			hasScannedForEncodings = 0;
			knownRegions = (
				en,
				Base,
			);
			mainGroup = C54CAECA2AFBDB870077C1CF;
			packageReferences = (
				C54CAEEA2AFBDBE80077C1CF /* XCRemoteSwiftPackageReference "SpringAnimation" */,
			);
			productRefGroup = C54CAED42AFBDB870077C1CF /* Products */;
			projectDirPath = "";
			projectRoot = "";
			targets = (
				C54CAED22AFBDB870077C1CF /* SPMhomeWork */,
			);
		};
/* End PBXProject section */

/* Begin PBXResourcesBuildPhase section */
		C54CAED12AFBDB870077C1CF /* Resources */ = {
			isa = PBXResourcesBuildPhase;
			buildActionMask = 2147483647;
			files = (
				C54CAEE32AFBDB880077C1CF /* LaunchScreen.storyboard in Resources */,
				C54CAEE02AFBDB880077C1CF /* Assets.xcassets in Resources */,
				C54CAEDE2AFBDB870077C1CF /* Main.storyboard in Resources */,
			);
			runOnlyForDeploymentPostprocessing = 0;
		};
/* End PBXResourcesBuildPhase section */

/* Begin PBXSourcesBuildPhase section */
		C54CAECF2AFBDB870077C1CF /* Sources */ = {
			isa = PBXSourcesBuildPhase;
			buildActionMask = 2147483647;
			files = (
				C54CAEF02AFBEFF90077C1CF /* Animation.swift in Sources */,
				C54CAEDB2AFBDB870077C1CF /* MainViewController.swift in Sources */,
				C54CAED72AFBDB870077C1CF /* AppDelegate.swift in Sources */,
				C54CAEEE2AFBE8450077C1CF /* DataSource.swift in Sources */,
				C54CAED92AFBDB870077C1CF /* SceneDelegate.swift in Sources */,
			);
			runOnlyForDeploymentPostprocessing = 0;
		};
/* End PBXSourcesBuildPhase section */

/* Begin PBXVariantGroup section */
		C54CAEDC2AFBDB870077C1CF /* Main.storyboard */ = {
			isa = PBXVariantGroup;
			children = (
				C54CAEDD2AFBDB870077C1CF /* Base */,
			);
			name = Main.storyboard;
			sourceTree = "<group>";
		};
		C54CAEE12AFBDB880077C1CF /* LaunchScreen.storyboard */ = {
			isa = PBXVariantGroup;
			children = (
				C54CAEE22AFBDB880077C1CF /* Base */,
			);
			name = LaunchScreen.storyboard;
			sourceTree = "<group>";
		};
/* End PBXVariantGroup section */

/* Begin XCBuildConfiguration section */
		C54CAEE52AFBDB880077C1CF /* Debug */ = {
			isa = XCBuildConfiguration;
			buildSettings = {
				ALWAYS_SEARCH_USER_PATHS = NO;
				ASSETCATALOG_COMPILER_GENERATE_SWIFT_ASSET_SYMBOL_EXTENSIONS = YES;
				CLANG_ANALYZER_NONNULL = YES;
				CLANG_ANALYZER_NUMBER_OBJECT_CONVERSION = YES_AGGRESSIVE;
				CLANG_CXX_LANGUAGE_STANDARD = "gnu++20";
				CLANG_ENABLE_MODULES = YES;
				CLANG_ENABLE_OBJC_ARC = YES;
				CLANG_ENABLE_OBJC_WEAK = YES;
				CLANG_WARN_BLOCK_CAPTURE_AUTORELEASING = YES;
				CLANG_WARN_BOOL_CONVERSION = YES;
				CLANG_WARN_COMMA = YES;
				CLANG_WARN_CONSTANT_CONVERSION = YES;
				CLANG_WARN_DEPRECATED_OBJC_IMPLEMENTATIONS = YES;
				CLANG_WARN_DIRECT_OBJC_ISA_USAGE = YES_ERROR;
				CLANG_WARN_DOCUMENTATION_COMMENTS = YES;
				CLANG_WARN_EMPTY_BODY = YES;
				CLANG_WARN_ENUM_CONVERSION = YES;
				CLANG_WARN_INFINITE_RECURSION = YES;
				CLANG_WARN_INT_CONVERSION = YES;
				CLANG_WARN_NON_LITERAL_NULL_CONVERSION = YES;
				CLANG_WARN_OBJC_IMPLICIT_RETAIN_SELF = YES;
				CLANG_WARN_OBJC_LITERAL_CONVERSION = YES;
				CLANG_WARN_OBJC_ROOT_CLASS = YES_ERROR;
				CLANG_WARN_QUOTED_INCLUDE_IN_FRAMEWORK_HEADER = YES;
				CLANG_WARN_RANGE_LOOP_ANALYSIS = YES;
				CLANG_WARN_STRICT_PROTOTYPES = YES;
				CLANG_WARN_SUSPICIOUS_MOVE = YES;
				CLANG_WARN_UNGUARDED_AVAILABILITY = YES_AGGRESSIVE;
				CLANG_WARN_UNREACHABLE_CODE = YES;
				CLANG_WARN__DUPLICATE_METHOD_MATCH = YES;
				COPY_PHASE_STRIP = NO;
				DEBUG_INFORMATION_FORMAT = dwarf;
				ENABLE_STRICT_OBJC_MSGSEND = YES;
				ENABLE_TESTABILITY = YES;
				ENABLE_USER_SCRIPT_SANDBOXING = YES;
				GCC_C_LANGUAGE_STANDARD = gnu17;
				GCC_DYNAMIC_NO_PIC = NO;
				GCC_NO_COMMON_BLOCKS = YES;
				GCC_OPTIMIZATION_LEVEL = 0;
				GCC_PREPROCESSOR_DEFINITIONS = (
					"DEBUG=1",
					"$(inherited)",
				);
				GCC_WARN_64_TO_32_BIT_CONVERSION = YES;
				GCC_WARN_ABOUT_RETURN_TYPE = YES_ERROR;
				GCC_WARN_UNDECLARED_SELECTOR = YES;
				GCC_WARN_UNINITIALIZED_AUTOS = YES_AGGRESSIVE;
				GCC_WARN_UNUSED_FUNCTION = YES;
				GCC_WARN_UNUSED_VARIABLE = YES;
				IPHONEOS_DEPLOYMENT_TARGET = 17.0;
				LOCALIZATION_PREFERS_STRING_CATALOGS = YES;
				MTL_ENABLE_DEBUG_INFO = INCLUDE_SOURCE;
				MTL_FAST_MATH = YES;
				ONLY_ACTIVE_ARCH = YES;
				SDKROOT = iphoneos;
				SWIFT_ACTIVE_COMPILATION_CONDITIONS = "DEBUG $(inherited)";
				SWIFT_OPTIMIZATION_LEVEL = "-Onone";
			};
			name = Debug;
		};
		C54CAEE62AFBDB880077C1CF /* Release */ = {
			isa = XCBuildConfiguration;
			buildSettings = {
				ALWAYS_SEARCH_USER_PATHS = NO;
				ASSETCATALOG_COMPILER_GENERATE_SWIFT_ASSET_SYMBOL_EXTENSIONS = YES;
				CLANG_ANALYZER_NONNULL = YES;
				CLANG_ANALYZER_NUMBER_OBJECT_CONVERSION = YES_AGGRESSIVE;
				CLANG_CXX_LANGUAGE_STANDARD = "gnu++20";
				CLANG_ENABLE_MODULES = YES;
				CLANG_ENABLE_OBJC_ARC = YES;
				CLANG_ENABLE_OBJC_WEAK = YES;
				CLANG_WARN_BLOCK_CAPTURE_AUTORELEASING = YES;
				CLANG_WARN_BOOL_CONVERSION = YES;
				CLANG_WARN_COMMA = YES;
				CLANG_WARN_CONSTANT_CONVERSION = YES;
				CLANG_WARN_DEPRECATED_OBJC_IMPLEMENTATIONS = YES;
				CLANG_WARN_DIRECT_OBJC_ISA_USAGE = YES_ERROR;
				CLANG_WARN_DOCUMENTATION_COMMENTS = YES;
				CLANG_WARN_EMPTY_BODY = YES;
				CLANG_WARN_ENUM_CONVERSION = YES;
				CLANG_WARN_INFINITE_RECURSION = YES;
				CLANG_WARN_INT_CONVERSION = YES;
				CLANG_WARN_NON_LITERAL_NULL_CONVERSION = YES;
				CLANG_WARN_OBJC_IMPLICIT_RETAIN_SELF = YES;
				CLANG_WARN_OBJC_LITERAL_CONVERSION = YES;
				CLANG_WARN_OBJC_ROOT_CLASS = YES_ERROR;
				CLANG_WARN_QUOTED_INCLUDE_IN_FRAMEWORK_HEADER = YES;
				CLANG_WARN_RANGE_LOOP_ANALYSIS = YES;
				CLANG_WARN_STRICT_PROTOTYPES = YES;
				CLANG_WARN_SUSPICIOUS_MOVE = YES;
				CLANG_WARN_UNGUARDED_AVAILABILITY = YES_AGGRESSIVE;
				CLANG_WARN_UNREACHABLE_CODE = YES;
				CLANG_WARN__DUPLICATE_METHOD_MATCH = YES;
				COPY_PHASE_STRIP = NO;
				DEBUG_INFORMATION_FORMAT = "dwarf-with-dsym";
				ENABLE_NS_ASSERTIONS = NO;
				ENABLE_STRICT_OBJC_MSGSEND = YES;
				ENABLE_USER_SCRIPT_SANDBOXING = YES;
				GCC_C_LANGUAGE_STANDARD = gnu17;
				GCC_NO_COMMON_BLOCKS = YES;
				GCC_WARN_64_TO_32_BIT_CONVERSION = YES;
				GCC_WARN_ABOUT_RETURN_TYPE = YES_ERROR;
				GCC_WARN_UNDECLARED_SELECTOR = YES;
				GCC_WARN_UNINITIALIZED_AUTOS = YES_AGGRESSIVE;
				GCC_WARN_UNUSED_FUNCTION = YES;
				GCC_WARN_UNUSED_VARIABLE = YES;
				IPHONEOS_DEPLOYMENT_TARGET = 17.0;
				LOCALIZATION_PREFERS_STRING_CATALOGS = YES;
				MTL_ENABLE_DEBUG_INFO = NO;
				MTL_FAST_MATH = YES;
				SDKROOT = iphoneos;
				SWIFT_COMPILATION_MODE = wholemodule;
				VALIDATE_PRODUCT = YES;
			};
			name = Release;
		};
		C54CAEE82AFBDB880077C1CF /* Debug */ = {
			isa = XCBuildConfiguration;
			buildSettings = {
				ASSETCATALOG_COMPILER_APPICON_NAME = AppIcon;
				ASSETCATALOG_COMPILER_GLOBAL_ACCENT_COLOR_NAME = AccentColor;
				CODE_SIGN_STYLE = Automatic;
				CURRENT_PROJECT_VERSION = 1;
				DEVELOPMENT_TEAM = 88PMY4A464;
				GENERATE_INFOPLIST_FILE = YES;
				INFOPLIST_FILE = SPMhomeWork/SupportingFiles/Info.plist;
				INFOPLIST_KEY_UIApplicationSupportsIndirectInputEvents = YES;
				INFOPLIST_KEY_UILaunchStoryboardName = LaunchScreen;
				INFOPLIST_KEY_UIMainStoryboardFile = Main;
				INFOPLIST_KEY_UISupportedInterfaceOrientations_iPad = "UIInterfaceOrientationPortrait UIInterfaceOrientationPortraitUpsideDown UIInterfaceOrientationLandscapeLeft UIInterfaceOrientationLandscapeRight";
				INFOPLIST_KEY_UISupportedInterfaceOrientations_iPhone = "UIInterfaceOrientationPortrait UIInterfaceOrientationLandscapeLeft UIInterfaceOrientationLandscapeRight";
				LD_RUNPATH_SEARCH_PATHS = (
					"$(inherited)",
					"@executable_path/Frameworks",
				);
				MARKETING_VERSION = 1.0;
				PRODUCT_BUNDLE_IDENTIFIER = dstashkov.SPMhomeWork;
				PRODUCT_NAME = "$(TARGET_NAME)";
				SUPPORTED_PLATFORMS = "iphoneos iphonesimulator";
				SUPPORTS_MACCATALYST = NO;
				SUPPORTS_MAC_DESIGNED_FOR_IPHONE_IPAD = NO;
				SWIFT_EMIT_LOC_STRINGS = YES;
				SWIFT_VERSION = 5.0;
				TARGETED_DEVICE_FAMILY = 1;
			};
			name = Debug;
		};
		C54CAEE92AFBDB880077C1CF /* Release */ = {
			isa = XCBuildConfiguration;
			buildSettings = {
				ASSETCATALOG_COMPILER_APPICON_NAME = AppIcon;
				ASSETCATALOG_COMPILER_GLOBAL_ACCENT_COLOR_NAME = AccentColor;
				CODE_SIGN_STYLE = Automatic;
				CURRENT_PROJECT_VERSION = 1;
				DEVELOPMENT_TEAM = 88PMY4A464;
				GENERATE_INFOPLIST_FILE = YES;
				INFOPLIST_FILE = SPMhomeWork/SupportingFiles/Info.plist;
				INFOPLIST_KEY_UIApplicationSupportsIndirectInputEvents = YES;
				INFOPLIST_KEY_UILaunchStoryboardName = LaunchScreen;
				INFOPLIST_KEY_UIMainStoryboardFile = Main;
				INFOPLIST_KEY_UISupportedInterfaceOrientations_iPad = "UIInterfaceOrientationPortrait UIInterfaceOrientationPortraitUpsideDown UIInterfaceOrientationLandscapeLeft UIInterfaceOrientationLandscapeRight";
				INFOPLIST_KEY_UISupportedInterfaceOrientations_iPhone = "UIInterfaceOrientationPortrait UIInterfaceOrientationLandscapeLeft UIInterfaceOrientationLandscapeRight";
				LD_RUNPATH_SEARCH_PATHS = (
					"$(inherited)",
					"@executable_path/Frameworks",
				);
				MARKETING_VERSION = 1.0;
				PRODUCT_BUNDLE_IDENTIFIER = dstashkov.SPMhomeWork;
				PRODUCT_NAME = "$(TARGET_NAME)";
				SUPPORTED_PLATFORMS = "iphoneos iphonesimulator";
				SUPPORTS_MACCATALYST = NO;
				SUPPORTS_MAC_DESIGNED_FOR_IPHONE_IPAD = NO;
				SWIFT_EMIT_LOC_STRINGS = YES;
				SWIFT_VERSION = 5.0;
				TARGETED_DEVICE_FAMILY = 1;
			};
			name = Release;
		};
/* End XCBuildConfiguration section */

/* Begin XCConfigurationList section */
		C54CAECE2AFBDB870077C1CF /* Build configuration list for PBXProject "SPMhomeWork" */ = {
			isa = XCConfigurationList;
			buildConfigurations = (
				C54CAEE52AFBDB880077C1CF /* Debug */,
				C54CAEE62AFBDB880077C1CF /* Release */,
			);
			defaultConfigurationIsVisible = 0;
			defaultConfigurationName = Release;
		};
		C54CAEE72AFBDB880077C1CF /* Build configuration list for PBXNativeTarget "SPMhomeWork" */ = {
			isa = XCConfigurationList;
			buildConfigurations = (
				C54CAEE82AFBDB880077C1CF /* Debug */,
				C54CAEE92AFBDB880077C1CF /* Release */,
			);
			defaultConfigurationIsVisible = 0;
			defaultConfigurationName = Release;
		};
/* End XCConfigurationList section */

/* Begin XCRemoteSwiftPackageReference section */
		C54CAEEA2AFBDBE80077C1CF /* XCRemoteSwiftPackageReference "SpringAnimation" */ = {
			isa = XCRemoteSwiftPackageReference;
			repositoryURL = "https://github.com/LexDeBash/SpringAnimation.git";
			requirement = {
				kind = upToNextMajorVersion;
				minimumVersion = 0.3.0;
			};
		};
/* End XCRemoteSwiftPackageReference section */

/* Begin XCSwiftPackageProductDependency section */
		C54CAEEB2AFBDBE80077C1CF /* SpringAnimation */ = {
			isa = XCSwiftPackageProductDependency;
			package = C54CAEEA2AFBDBE80077C1CF /* XCRemoteSwiftPackageReference "SpringAnimation" */;
			productName = SpringAnimation;
		};
/* End XCSwiftPackageProductDependency section */
	};
	rootObject = C54CAECB2AFBDB870077C1CF /* Project object */;
}
